
Microsoft Visual Studio Solution File, Format Version 12.00
Project("{FAE04EC0-301F-11D3-BF4B-00C04F79EFBC}") = "BoCrime2D", "BoCrime2D\BoCrime2D.csproj", "{278BA4E0-9E0B-475B-AD95-7AB0D30E0488}"
EndProject
Global
	GlobalSection(SolutionConfigurationPlatforms) = preSolution
		Debug|Any CPU = Debug|Any CPU
		Release|Any CPU = Release|Any CPU
	EndGlobalSection
	GlobalSection(ProjectConfigurationPlatforms) = postSolution
		{278BA4E0-9E0B-475B-AD95-7AB0D30E0488}.Debug|Any CPU.ActiveCfg = Debug|Any CPU
		{278BA4E0-9E0B-475B-AD95-7AB0D30E0488}.Debug|Any CPU.Build.0 = Debug|Any CPU
		{278BA4E0-9E0B-475B-AD95-7AB0D30E0488}.Release|Any CPU.ActiveCfg = Release|Any CPU
		{278BA4E0-9E0B-475B-AD95-7AB0D30E0488}.Release|Any CPU.Build.0 = Release|Any CPU
	EndGlobalSection
EndGlobal
